PODS:
  - Alamofire (4.2.0)
  - ChameleonFramework/Default (2.1.0)
  - ChameleonFramework/Swift (2.1.0):
    - ChameleonFramework/Default
  - GoogleMaps (2.1.0):
    - GoogleMaps/Maps (= 2.1.0)
  - GoogleMaps/Base (2.1.0)
  - GoogleMaps/Maps (2.1.0):
    - GoogleMaps/Base (= 2.1.0)
  - Moya (8.0.0-beta.4):
    - Moya/Core (= 8.0.0-beta.4)
  - Moya-SwiftyJSONMapper (2.0):
    - Moya-SwiftyJSONMapper/Core (= 2.0)
  - Moya-SwiftyJSONMapper/Core (2.0):
    - Moya (= 8.0.0-beta.4)
    - SwiftyJSON
  - Moya/Core (8.0.0-beta.4):
    - Alamofire (~> 4.0)
    - Result (~> 3.0)
  - MXParallaxHeader (0.6.0)
  - Result (3.1.0)
  - SwiftyJSON (3.1.1)
  - SWXMLHash (3.0.2)

DEPENDENCIES:
  - ChameleonFramework/Swift (from `https://github.com/ViccAlexander/Chameleon.git`)
  - GoogleMaps
  - Moya (= 8.0.0-beta.4)
  - Moya-SwiftyJSONMapper (from `https://github.com/AvdLee/Moya-SwiftyJSONMapper.git`)
  - MXParallaxHeader
  - SwiftyJSON
  - SWXMLHash (~> 3.0.0)

EXTERNAL SOURCES:
  ChameleonFramework:
    :git: https://github.com/ViccAlexander/Chameleon.git
  Moya-SwiftyJSONMapper:
    :git: https://github.com/AvdLee/Moya-SwiftyJSONMapper.git

CHECKOUT OPTIONS:
  ChameleonFramework:
    :commit: dcf98f9bf3a632a7f40679b7da46f09681e48526
    :git: https://github.com/ViccAlexander/Chameleon.git
  Moya-SwiftyJSONMapper:
    :commit: b934d43c6301e082ccc6d8aaa7caa3f5ff397b83
    :git: https://github.com/AvdLee/Moya-SwiftyJSONMapper.git

SPEC CHECKSUMS:
  Alamofire: aa2e09d871c9160ac53c90e83c68064a94e3dfbe
  ChameleonFramework: d21a3cc247abfe5e37609a283a8238b03575cf64
  GoogleMaps: 06589b9a38097bce0cd6e90f0fd9b5e4b4a9344c
  Moya: bad6f72ec40661f09a8cd85ab470226d2795a485
  Moya-SwiftyJSONMapper: 3eebc4e84ca2277972cad6f2465a419c03a39d53
  MXParallaxHeader: 2997592b8349baf8557ae0e4346f6b17e141de39
  Result: 4e3ed5995ed94d0cd6a09be9a431fce3f3624bbf
  SwiftyJSON: f0be2e604f83e8405a624e9f891898bf6ed4e019
  SWXMLHash: e0f6935971f01b06fb228cf435510d998ecde647

PODFILE CHECKSUM: c1a80e20b5cd349f97cf83ddc7b6e3c0852bd32f

COCOAPODS: 1.1.1
