// !$*UTF8*$!
{
	archiveVersion = 1;
	classes = {
	};
	objectVersion = 46;
	objects = {

/* Begin PBXBuildFile section */
		8B20FB281DAF4832007D564E /* main.m in Sources */ = {isa = PBXBuildFile; fileRef = 8B20FB271DAF4832007D564E /* main.m */; };
		8B20FB2B1DAF4832007D564E /* AppDelegate.m in Sources */ = {isa = PBXBuildFile; fileRef = 8B20FB2A1DAF4832007D564E /* AppDelegate.m */; };
		8B20FB2E1DAF4832007D564E /* ViewController.m in Sources */ = {isa = PBXBuildFile; fileRef = 8B20FB2D1DAF4832007D564E /* ViewController.m */; };
		8B20FB311DAF4832007D564E /* Main.storyboard in Resources */ = {isa = PBXBuildFile; fileRef = 8B20FB2F1DAF4832007D564E /* Main.storyboard */; };
		8B20FB331DAF4832007D564E /* Assets.xcassets in Resources */ = {isa = PBXBuildFile; fileRef = 8B20FB321DAF4832007D564E /* Assets.xcassets */; };
		8B20FB361DAF4832007D564E /* LaunchScreen.storyboard in Resources */ = {isa = PBXBuildFile; fileRef = 8B20FB341DAF4832007D564E /* LaunchScreen.storyboard */; };
		8B20FB411DAF4832007D564E /* SampleSceneTransitionTests.m in Sources */ = {isa = PBXBuildFile; fileRef = 8B20FB401DAF4832007D564E /* SampleSceneTransitionTests.m */; };
		8B20FB4C1DAF4832007D564E /* SampleSceneTransitionUITests.m in Sources */ = {isa = PBXBuildFile; fileRef = 8B20FB4B1DAF4832007D564E /* SampleSceneTransitionUITests.m */; };
		8B20FB5A1DAF4F8A007D564E /* SecondViewController.m in Sources */ = {isa = PBXBuildFile; fileRef = 8B20FB591DAF4F8A007D564E /* SecondViewController.m */; settings = {ASSET_TAGS = (); }; };
/* End PBXBuildFile section */

/* Begin PBXContainerItemProxy section */
		8B20FB3D1DAF4832007D564E /* PBXContainerItemProxy */ = {
			isa = PBXContainerItemProxy;
			containerPortal = 8B20FB1B1DAF4832007D564E /* Project object */;
			proxyType = 1;
			remoteGlobalIDString = 8B20FB221DAF4832007D564E;
			remoteInfo = SampleSceneTransition;
		};
		8B20FB481DAF4832007D564E /* PBXContainerItemProxy */ = {
			isa = PBXContainerItemProxy;
			containerPortal = 8B20FB1B1DAF4832007D564E /* Project object */;
			proxyType = 1;
			remoteGlobalIDString = 8B20FB221DAF4832007D564E;
			remoteInfo = SampleSceneTransition;
		};
/* End PBXContainerItemProxy section */

/* Begin PBXFileReference section */
		8B20FB231DAF4832007D564E /* SampleSceneTransition.app */ = {isa = PBXFileReference; explicitFileType = wrapper.application; includeInIndex = 0; path = SampleSceneTransition.app; sourceTree = BUILT_PRODUCTS_DIR; };
		8B20FB271DAF4832007D564E /* main.m */ = {isa = PBXFileReference; lastKnownFileType = sourcecode.c.objc; path = main.m; sourceTree = "<group>"; };
		8B20FB291DAF4832007D564E /* AppDelegate.h */ = {isa = PBXFileReference; lastKnownFileType = sourcecode.c.h; path = AppDelegate.h; sourceTree = "<group>"; };
		8B20FB2A1DAF4832007D564E /* AppDelegate.m */ = {isa = PBXFileReference; lastKnownFileType = sourcecode.c.objc; path = AppDelegate.m; sourceTree = "<group>"; };
		8B20FB2C1DAF4832007D564E /* ViewController.h */ = {isa = PBXFileReference; lastKnownFileType = sourcecode.c.h; path = ViewController.h; sourceTree = "<group>"; };
		8B20FB2D1DAF4832007D564E /* ViewController.m */ = {isa = PBXFileReference; lastKnownFileType = sourcecode.c.objc; path = ViewController.m; sourceTree = "<group>"; };
		8B20FB301DAF4832007D564E /* Base */ = {isa = PBXFileReference; lastKnownFileType = file.storyboard; name = Base; path = Base.lproj/Main.storyboard; sourceTree = "<group>"; };
		8B20FB321DAF4832007D564E /* Assets.xcassets */ = {isa = PBXFileReference; lastKnownFileType = folder.assetcatalog; path = Assets.xcassets; sourceTree = "<group>"; };
		8B20FB351DAF4832007D564E /* Base */ = {isa = PBXFileReference; lastKnownFileType = file.storyboard; name = Base; path = Base.lproj/LaunchScreen.storyboard; sourceTree = "<group>"; };
		8B20FB371DAF4832007D564E /* Info.plist */ = {isa = PBXFileReference; lastKnownFileType = text.plist.xml; path = Info.plist; sourceTree = "<group>"; };
		8B20FB3C1DAF4832007D564E /* SampleSceneTransitionTests.xctest */ = {isa = PBXFileReference; explicitFileType = wrapper.cfbundle; includeInIndex = 0; path = SampleSceneTransitionTests.xctest; sourceTree = BUILT_PRODUCTS_DIR; };
		8B20FB401DAF4832007D564E /* SampleSceneTransitionTests.m */ = {isa = PBXFileReference; lastKnownFileType = sourcecode.c.objc; path = SampleSceneTransitionTests.m; sourceTree = "<group>"; };
		8B20FB421DAF4832007D564E /* Info.plist */ = {isa = PBXFileReference; lastKnownFileType = text.plist.xml; path = Info.plist; sourceTree = "<group>"; };
		8B20FB471DAF4832007D564E /* SampleSceneTransitionUITests.xctest */ = {isa = PBXFileReference; explicitFileType = wrapper.cfbundle; includeInIndex = 0; path = SampleSceneTransitionUITests.xctest; sourceTree = BUILT_PRODUCTS_DIR; };
		8B20FB4B1DAF4832007D564E /* SampleSceneTransitionUITests.m */ = {isa = PBXFileReference; lastKnownFileType = sourcecode.c.objc; path = SampleSceneTransitionUITests.m; sourceTree = "<group>"; };
		8B20FB4D1DAF4832007D564E /* Info.plist */ = {isa = PBXFileReference; lastKnownFileType = text.plist.xml; path = Info.plist; sourceTree = "<group>"; };
		8B20FB591DAF4F8A007D564E /* SecondViewController.m */ = {isa = PBXFileReference; fileEncoding = 4; lastKnownFileType = sourcecode.c.objc; path = SecondViewController.m; sourceTree = "<group>"; };
		8B20FB5B1DAF4F96007D564E /* SecondViewController.h */ = {isa = PBXFileReference; lastKnownFileType = sourcecode.c.h; path = SecondViewController.h; sourceTree = "<group>"; };
/* End PBXFileReference section */

/* Begin PBXFrameworksBuildPhase section */
		8B20FB201DAF4832007D564E /* Frameworks */ = {
			isa = PBXFrameworksBuildPhase;
			buildActionMask = 2147483647;
			files = (
			);
			runOnlyForDeploymentPostprocessing = 0;
		};
		8B20FB391DAF4832007D564E /* Frameworks */ = {
			isa = PBXFrameworksBuildPhase;
			buildActionMask = 2147483647;
			files = (
			);
			runOnlyForDeploymentPostprocessing = 0;
		};
		8B20FB441DAF4832007D564E /* Frameworks */ = {
			isa = PBXFrameworksBuildPhase;
			buildActionMask = 2147483647;
			files = (
			);
			runOnlyForDeploymentPostprocessing = 0;
		};
/* End PBXFrameworksBuildPhase section */

/* Begin PBXGroup section */
		8B20FB1A1DAF4832007D564E = {
			isa = PBXGroup;
			children = (
				8B20FB251DAF4832007D564E /* SampleSceneTransition */,
				8B20FB3F1DAF4832007D564E /* SampleSceneTransitionTests */,
				8B20FB4A1DAF4832007D564E /* SampleSceneTransitionUITests */,
				8B20FB241DAF4832007D564E /* Products */,
			);
			sourceTree = "<group>";
		};
		8B20FB241DAF4832007D564E /* Products */ = {
			isa = PBXGroup;
			children = (
				8B20FB231DAF4832007D564E /* SampleSceneTransition.app */,
				8B20FB3C1DAF4832007D564E /* SampleSceneTransitionTests.xctest */,
				8B20FB471DAF4832007D564E /* SampleSceneTransitionUITests.xctest */,
			);
			name = Products;
			sourceTree = "<group>";
		};
		8B20FB251DAF4832007D564E /* SampleSceneTransition */ = {
			isa = PBXGroup;
			children = (
				8B20FB291DAF4832007D564E /* AppDelegate.h */,
				8B20FB2A1DAF4832007D564E /* AppDelegate.m */,
				8B20FB2C1DAF4832007D564E /* ViewController.h */,
				8B20FB2D1DAF4832007D564E /* ViewController.m */,
				8B20FB5B1DAF4F96007D564E /* SecondViewController.h */,
				8B20FB591DAF4F8A007D564E /* SecondViewController.m */,
				8B20FB2F1DAF4832007D564E /* Main.storyboard */,
				8B20FB321DAF4832007D564E /* Assets.xcassets */,
				8B20FB341DAF4832007D564E /* LaunchScreen.storyboard */,
				8B20FB371DAF4832007D564E /* Info.plist */,
				8B20FB261DAF4832007D564E /* Supporting Files */,
			);
			path = SampleSceneTransition;
			sourceTree = "<group>";
		};
		8B20FB261DAF4832007D564E /* Supporting Files */ = {
			isa = PBXGroup;
			children = (
				8B20FB271DAF4832007D564E /* main.m */,
			);
			name = "Supporting Files";
			sourceTree = "<group>";
		};
		8B20FB3F1DAF4832007D564E /* SampleSceneTransitionTests */ = {
			isa = PBXGroup;
			children = (
				8B20FB401DAF4832007D564E /* SampleSceneTransitionTests.m */,
				8B20FB421DAF4832007D564E /* Info.plist */,
			);
			path = SampleSceneTransitionTests;
			sourceTree = "<group>";
		};
		8B20FB4A1DAF4832007D564E /* SampleSceneTransitionUITests */ = {
			isa = PBXGroup;
			children = (
				8B20FB4B1DAF4832007D564E /* SampleSceneTransitionUITests.m */,
				8B20FB4D1DAF4832007D564E /* Info.plist */,
			);
			path = SampleSceneTransitionUITests;
			sourceTree = "<group>";
		};
/* End PBXGroup section */

/* Begin PBXNativeTarget section */
		8B20FB221DAF4832007D564E /* SampleSceneTransition */ = {
			isa = PBXNativeTarget;
			buildConfigurationList = 8B20FB501DAF4832007D564E /* Build configuration list for PBXNativeTarget "SampleSceneTransition" */;
			buildPhases = (
				8B20FB1F1DAF4832007D564E /* Sources */,
				8B20FB201DAF4832007D564E /* Frameworks */,
				8B20FB211DAF4832007D564E /* Resources */,
			);
			buildRules = (
			);
			dependencies = (
			);
			name = SampleSceneTransition;
			productName = SampleSceneTransition;
			productReference = 8B20FB231DAF4832007D564E /* SampleSceneTransition.app */;
			productType = "com.apple.product-type.application";
		};
		8B20FB3B1DAF4832007D564E /* SampleSceneTransitionTests */ = {
			isa = PBXNativeTarget;
			buildConfigurationList = 8B20FB531DAF4832007D564E /* Build configuration list for PBXNativeTarget "SampleSceneTransitionTests" */;
			buildPhases = (
				8B20FB381DAF4832007D564E /* Sources */,
				8B20FB391DAF4832007D564E /* Frameworks */,
				8B20FB3A1DAF4832007D564E /* Resources */,
			);
			buildRules = (
			);
			dependencies = (
				8B20FB3E1DAF4832007D564E /* PBXTargetDependency */,
			);
			name = SampleSceneTransitionTests;
			productName = SampleSceneTransitionTests;
			productReference = 8B20FB3C1DAF4832007D564E /* SampleSceneTransitionTests.xctest */;
			productType = "com.apple.product-type.bundle.unit-test";
		};
		8B20FB461DAF4832007D564E /* SampleSceneTransitionUITests */ = {
			isa = PBXNativeTarget;
			buildConfigurationList = 8B20FB561DAF4832007D564E /* Build configuration list for PBXNativeTarget "SampleSceneTransitionUITests" */;
			buildPhases = (
				8B20FB431DAF4832007D564E /* Sources */,
				8B20FB441DAF4832007D564E /* Frameworks */,
				8B20FB451DAF4832007D564E /* Resources */,
			);
			buildRules = (
			);
			dependencies = (
				8B20FB491DAF4832007D564E /* PBXTargetDependency */,
			);
			name = SampleSceneTransitionUITests;
			productName = SampleSceneTransitionUITests;
			productReference = 8B20FB471DAF4832007D564E /* SampleSceneTransitionUITests.xctest */;
			productType = "com.apple.product-type.bundle.ui-testing";
		};
/* End PBXNativeTarget section */

/* Begin PBXProject section */
		8B20FB1B1DAF4832007D564E /* Project object */ = {
			isa = PBXProject;
			attributes = {
				LastUpgradeCheck = 0700;
				ORGANIZATIONNAME = "개발자";
				TargetAttributes = {
					8B20FB221DAF4832007D564E = {
						CreatedOnToolsVersion = 7.0.1;
					};
					8B20FB3B1DAF4832007D564E = {
						CreatedOnToolsVersion = 7.0.1;
						TestTargetID = 8B20FB221DAF4832007D564E;
					};
					8B20FB461DAF4832007D564E = {
						CreatedOnToolsVersion = 7.0.1;
						TestTargetID = 8B20FB221DAF4832007D564E;
					};
				};
			};
			buildConfigurationList = 8B20FB1E1DAF4832007D564E /* Build configuration list for PBXProject "SampleSceneTransition" */;
			compatibilityVersion = "Xcode 3.2";
			developmentRegion = English;
			hasScannedForEncodings = 0;
			knownRegions = (
				en,
				Base,
			);
			mainGroup = 8B20FB1A1DAF4832007D564E;
			productRefGroup = 8B20FB241DAF4832007D564E /* Products */;
			projectDirPath = "";
			projectRoot = "";
			targets = (
				8B20FB221DAF4832007D564E /* SampleSceneTransition */,
				8B20FB3B1DAF4832007D564E /* SampleSceneTransitionTests */,
				8B20FB461DAF4832007D564E /* SampleSceneTransitionUITests */,
			);
		};
/* End PBXProject section */

/* Begin PBXResourcesBuildPhase section */
		8B20FB211DAF4832007D564E /* Resources */ = {
			isa = PBXResourcesBuildPhase;
			buildActionMask = 2147483647;
			files = (
				8B20FB361DAF4832007D564E /* LaunchScreen.storyboard in Resources */,
				8B20FB331DAF4832007D564E /* Assets.xcassets in Resources */,
				8B20FB311DAF4832007D564E /* Main.storyboard in Resources */,
			);
			runOnlyForDeploymentPostprocessing = 0;
		};
		8B20FB3A1DAF4832007D564E /* Resources */ = {
			isa = PBXResourcesBuildPhase;
			buildActionMask = 2147483647;
			files = (
			);
			runOnlyForDeploymentPostprocessing = 0;
		};
		8B20FB451DAF4832007D564E /* Resources */ = {
			isa = PBXResourcesBuildPhase;
			buildActionMask = 2147483647;
			files = (
			);
			runOnlyForDeploymentPostprocessing = 0;
		};
/* End PBXResourcesBuildPhase section */

/* Begin PBXSourcesBuildPhase section */
		8B20FB1F1DAF4832007D564E /* Sources */ = {
			isa = PBXSourcesBuildPhase;
			buildActionMask = 2147483647;
			files = (
				8B20FB5A1DAF4F8A007D564E /* SecondViewController.m in Sources */,
				8B20FB2E1DAF4832007D564E /* ViewController.m in Sources */,
				8B20FB2B1DAF4832007D564E /* AppDelegate.m in Sources */,
				8B20FB281DAF4832007D564E /* main.m in Sources */,
			);
			runOnlyForDeploymentPostprocessing = 0;
		};
		8B20FB381DAF4832007D564E /* Sources */ = {
			isa = PBXSourcesBuildPhase;
			buildActionMask = 2147483647;
			files = (
				8B20FB411DAF4832007D564E /* SampleSceneTransitionTests.m in Sources */,
			);
			runOnlyForDeploymentPostprocessing = 0;
		};
		8B20FB431DAF4832007D564E /* Sources */ = {
			isa = PBXSourcesBuildPhase;
			buildActionMask = 2147483647;
			files = (
				8B20FB4C1DAF4832007D564E /* SampleSceneTransitionUITests.m in Sources */,
			);
			runOnlyForDeploymentPostprocessing = 0;
		};
/* End PBXSourcesBuildPhase section */

/* Begin PBXTargetDependency section */
		8B20FB3E1DAF4832007D564E /* PBXTargetDependency */ = {
			isa = PBXTargetDependency;
			target = 8B20FB221DAF4832007D564E /* SampleSceneTransition */;
			targetProxy = 8B20FB3D1DAF4832007D564E /* PBXContainerItemProxy */;
		};
		8B20FB491DAF4832007D564E /* PBXTargetDependency */ = {
			isa = PBXTargetDependency;
			target = 8B20FB221DAF4832007D564E /* SampleSceneTransition */;
			targetProxy = 8B20FB481DAF4832007D564E /* PBXContainerItemProxy */;
		};
/* End PBXTargetDependency section */

/* Begin PBXVariantGroup section */
		8B20FB2F1DAF4832007D564E /* Main.storyboard */ = {
			isa = PBXVariantGroup;
			children = (
				8B20FB301DAF4832007D564E /* Base */,
			);
			name = Main.storyboard;
			sourceTree = "<group>";
		};
		8B20FB341DAF4832007D564E /* LaunchScreen.storyboard */ = {
			isa = PBXVariantGroup;
			children = (
				8B20FB351DAF4832007D564E /* Base */,
			);
			name = LaunchScreen.storyboard;
			sourceTree = "<group>";
		};
/* End PBXVariantGroup section */

/* Begin XCBuildConfiguration section */
		8B20FB4E1DAF4832007D564E /* Debug */ = {
			isa = XCBuildConfiguration;
			buildSettings = {
				ALWAYS_SEARCH_USER_PATHS = NO;
				CLANG_CXX_LANGUAGE_STANDARD = "gnu++0x";
				CLANG_CXX_LIBRARY = "libc++";
				CLANG_ENABLE_MODULES = YES;
				CLANG_ENABLE_OBJC_ARC = YES;
				CLANG_WARN_BOOL_CONVERSION = YES;
				CLANG_WARN_CONSTANT_CONVERSION = YES;
				CLANG_WARN_DIRECT_OBJC_ISA_USAGE = YES_ERROR;
				CLANG_WARN_EMPTY_BODY = YES;
				CLANG_WARN_ENUM_CONVERSION = YES;
				CLANG_WARN_INT_CONVERSION = YES;
				CLANG_WARN_OBJC_ROOT_CLASS = YES_ERROR;
				CLANG_WARN_UNREACHABLE_CODE = YES;
				CLANG_WARN__DUPLICATE_METHOD_MATCH = YES;
				"CODE_SIGN_IDENTITY[sdk=iphoneos*]" = "iPhone Developer";
				COPY_PHASE_STRIP = NO;
				DEBUG_INFORMATION_FORMAT = dwarf;
				ENABLE_STRICT_OBJC_MSGSEND = YES;
				ENABLE_TESTABILITY = YES;
				GCC_C_LANGUAGE_STANDARD = gnu99;
				GCC_DYNAMIC_NO_PIC = NO;
				GCC_NO_COMMON_BLOCKS = YES;
				GCC_OPTIMIZATION_LEVEL = 0;
				GCC_PREPROCESSOR_DEFINITIONS = (
					"DEBUG=1",
					"$(inherited)",
				);
				GCC_WARN_64_TO_32_BIT_CONVERSION = YES;
				GCC_WARN_ABOUT_RETURN_TYPE = YES_ERROR;
				GCC_WARN_UNDECLARED_SELECTOR = YES;
				GCC_WARN_UNINITIALIZED_AUTOS = YES_AGGRESSIVE;
				GCC_WARN_UNUSED_FUNCTION = YES;
				GCC_WARN_UNUSED_VARIABLE = YES;
				IPHONEOS_DEPLOYMENT_TARGET = 9.0;
				MTL_ENABLE_DEBUG_INFO = YES;
				ONLY_ACTIVE_ARCH = YES;
				SDKROOT = iphoneos;
			};
			name = Debug;
		};
		8B20FB4F1DAF4832007D564E /* Release */ = {
			isa = XCBuildConfiguration;
			buildSettings = {
				ALWAYS_SEARCH_USER_PATHS = NO;
				CLANG_CXX_LANGUAGE_STANDARD = "gnu++0x";
				CLANG_CXX_LIBRARY = "libc++";
				CLANG_ENABLE_MODULES = YES;
				CLANG_ENABLE_OBJC_ARC = YES;
				CLANG_WARN_BOOL_CONVERSION = YES;
				CLANG_WARN_CONSTANT_CONVERSION = YES;
				CLANG_WARN_DIRECT_OBJC_ISA_USAGE = YES_ERROR;
				CLANG_WARN_EMPTY_BODY = YES;
				CLANG_WARN_ENUM_CONVERSION = YES;
				CLANG_WARN_INT_CONVERSION = YES;
				CLANG_WARN_OBJC_ROOT_CLASS = YES_ERROR;
				CLANG_WARN_UNREACHABLE_CODE = YES;
				CLANG_WARN__DUPLICATE_METHOD_MATCH = YES;
				"CODE_SIGN_IDENTITY[sdk=iphoneos*]" = "iPhone Developer";
				COPY_PHASE_STRIP = NO;
				DEBUG_INFORMATION_FORMAT = "dwarf-with-dsym";
				ENABLE_NS_ASSERTIONS = NO;
				ENABLE_STRICT_OBJC_MSGSEND = YES;
				GCC_C_LANGUAGE_STANDARD = gnu99;
				GCC_NO_COMMON_BLOCKS = YES;
				GCC_WARN_64_TO_32_BIT_CONVERSION = YES;
				GCC_WARN_ABOUT_RETURN_TYPE = YES_ERROR;
				GCC_WARN_UNDECLARED_SELECTOR = YES;
				GCC_WARN_UNINITIALIZED_AUTOS = YES_AGGRESSIVE;
				GCC_WARN_UNUSED_FUNCTION = YES;
				GCC_WARN_UNUSED_VARIABLE = YES;
				IPHONEOS_DEPLOYMENT_TARGET = 9.0;
				MTL_ENABLE_DEBUG_INFO = NO;
				SDKROOT = iphoneos;
				VALIDATE_PRODUCT = YES;
			};
			name = Release;
		};
		8B20FB511DAF4832007D564E /* Debug */ = {
			isa = XCBuildConfiguration;
			buildSettings = {
				ASSETCATALOG_COMPILER_APPICON_NAME = AppIcon;
				INFOPLIST_FILE = SampleSceneTransition/Info.plist;
				LD_RUNPATH_SEARCH_PATHS = "$(inherited) @executable_path/Frameworks";
				PRODUCT_BUNDLE_IDENTIFIER = kr.co.poppay.SampleSceneTransition;
				PRODUCT_NAME = "$(TARGET_NAME)";
			};
			name = Debug;
		};
		8B20FB521DAF4832007D564E /* Release */ = {
			isa = XCBuildConfiguration;
			buildSettings = {
				ASSETCATALOG_COMPILER_APPICON_NAME = AppIcon;
				INFOPLIST_FILE = SampleSceneTransition/Info.plist;
				LD_RUNPATH_SEARCH_PATHS = "$(inherited) @executable_path/Frameworks";
				PRODUCT_BUNDLE_IDENTIFIER = kr.co.poppay.SampleSceneTransition;
				PRODUCT_NAME = "$(TARGET_NAME)";
			};
			name = Release;
		};
		8B20FB541DAF4832007D564E /* Debug */ = {
			isa = XCBuildConfiguration;
			buildSettings = {
				BUNDLE_LOADER = "$(TEST_HOST)";
				INFOPLIST_FILE = SampleSceneTransitionTests/Info.plist;
				LD_RUNPATH_SEARCH_PATHS = "$(inherited) @executable_path/Frameworks @loader_path/Frameworks";
				PRODUCT_BUNDLE_IDENTIFIER = kr.co.poppay.SampleSceneTransitionTests;
				PRODUCT_NAME = "$(TARGET_NAME)";
				TEST_HOST = "$(BUILT_PRODUCTS_DIR)/SampleSceneTransition.app/SampleSceneTransition";
			};
			name = Debug;
		};
		8B20FB551DAF4832007D564E /* Release */ = {
			isa = XCBuildConfiguration;
			buildSettings = {
				BUNDLE_LOADER = "$(TEST_HOST)";
				INFOPLIST_FILE = SampleSceneTransitionTests/Info.plist;
				LD_RUNPATH_SEARCH_PATHS = "$(inherited) @executable_path/Frameworks @loader_path/Frameworks";
				PRODUCT_BUNDLE_IDENTIFIER = kr.co.poppay.SampleSceneTransitionTests;
				PRODUCT_NAME = "$(TARGET_NAME)";
				TEST_HOST = "$(BUILT_PRODUCTS_DIR)/SampleSceneTransition.app/SampleSceneTransition";
			};
			name = Release;
		};
		8B20FB571DAF4832007D564E /* Debug */ = {
			isa = XCBuildConfiguration;
			buildSettings = {
				INFOPLIST_FILE = SampleSceneTransitionUITests/Info.plist;
				LD_RUNPATH_SEARCH_PATHS = "$(inherited) @executable_path/Frameworks @loader_path/Frameworks";
				PRODUCT_BUNDLE_IDENTIFIER = kr.co.poppay.SampleSceneTransitionUITests;
				PRODUCT_NAME = "$(TARGET_NAME)";
				TEST_TARGET_NAME = SampleSceneTransition;
				USES_XCTRUNNER = YES;
			};
			name = Debug;
		};
		8B20FB581DAF4832007D564E /* Release */ = {
			isa = XCBuildConfiguration;
			buildSettings = {
				INFOPLIST_FILE = SampleSceneTransitionUITests/Info.plist;
				LD_RUNPATH_SEARCH_PATHS = "$(inherited) @executable_path/Frameworks @loader_path/Frameworks";
				PRODUCT_BUNDLE_IDENTIFIER = kr.co.poppay.SampleSceneTransitionUITests;
				PRODUCT_NAME = "$(TARGET_NAME)";
				TEST_TARGET_NAME = SampleSceneTransition;
				USES_XCTRUNNER = YES;
			};
			name = Release;
		};
/* End XCBuildConfiguration section */

/* Begin XCConfigurationList section */
		8B20FB1E1DAF4832007D564E /* Build configuration list for PBXProject "SampleSceneTransition" */ = {
			isa = XCConfigurationList;
			buildConfigurations = (
				8B20FB4E1DAF4832007D564E /* Debug */,
				8B20FB4F1DAF4832007D564E /* Release */,
			);
			defaultConfigurationIsVisible = 0;
			defaultConfigurationName = Release;
		};
		8B20FB501DAF4832007D564E /* Build configuration list for PBXNativeTarget "SampleSceneTransition" */ = {
			isa = XCConfigurationList;
			buildConfigurations = (
				8B20FB511DAF4832007D564E /* Debug */,
				8B20FB521DAF4832007D564E /* Release */,
			);
			defaultConfigurationIsVisible = 0;
		};
		8B20FB531DAF4832007D564E /* Build configuration list for PBXNativeTarget "SampleSceneTransitionTests" */ = {
			isa = XCConfigurationList;
			buildConfigurations = (
				8B20FB541DAF4832007D564E /* Debug */,
				8B20FB551DAF4832007D564E /* Release */,
			);
			defaultConfigurationIsVisible = 0;
		};
		8B20FB561DAF4832007D564E /* Build configuration list for PBXNativeTarget "SampleSceneTransitionUITests" */ = {
			isa = XCConfigurationList;
			buildConfigurations = (
				8B20FB571DAF4832007D564E /* Debug */,
				8B20FB581DAF4832007D564E /* Release */,
			);
			defaultConfigurationIsVisible = 0;
		};
/* End XCConfigurationList section */
	};
	rootObject = 8B20FB1B1DAF4832007D564E /* Project object */;
}
